{
  "name": "selenium-shift",
  "version": "0.1.0",
  "lockfileVersion": 3,
  "requires": true,
  "packages": {
    "": {
      "name": "selenium-shift",
      "version": "0.1.0",
      "license": "MIT",
      "bin": {
        "selenium-shift-async": "bin/async-predict.mjs",
        "selenium-shift-inventory": "bin/inventory.mjs"
      },
      "engines": {
        "node": ">=18"
      }
    }
  }
}
